
Microsoft Visual Studio Solution File, Format Version 12.00
# Visual Studio Version 16
VisualStudioVersion = 16.0.30225.117
MinimumVisualStudioVersion = 10.0.40219.1
Project("{9A19103F-16F7-4668-BE54-9A1E7A4F7556}") = "MISA.CukCuk", "MISA.CukCuk\MISA.CukCuk.csproj", "{DF04FC39-1096-4392-B446-E85AE4FBA403}"
EndProject
Project("{FAE04EC0-301F-11D3-BF4B-00C04F79EFBC}") = "MISA.DL", "MISA.DL\MISA.DL.csproj", "{10E0B0AC-EF25-4B58-871C-EDA2587A34B1}"
EndProject
Project("{FAE04EC0-301F-11D3-BF4B-00C04F79EFBC}") = "MISA.BL", "MISA.BL\MISA.BL.csproj", "{AA125984-5D31-45F4-AF63-C622CE238276}"
EndProject
Project("{FAE04EC0-301F-11D3-BF4B-00C04F79EFBC}") = "MISA.Entities", "MISA.Entities\MISA.Entities.csproj", "{32D9EEE7-9126-4383-A705-5D8EED0FB606}"
EndProject
Project("{FAE04EC0-301F-11D3-BF4B-00C04F79EFBC}") = "MISA.Common", "MISA.Common\MISA.Common.csproj", "{C95B9BC6-E7C3-4BB5-91F2-A18372E09877}"
EndProject
Global
	GlobalSection(SolutionConfigurationPlatforms) = preSolution
		Debug|Any CPU = Debug|Any CPU
		Release|Any CPU = Release|Any CPU
	EndGlobalSection
	GlobalSection(ProjectConfigurationPlatforms) = postSolution
		{DF04FC39-1096-4392-B446-E85AE4FBA403}.Debug|Any CPU.ActiveCfg = Debug|Any CPU
		{DF04FC39-1096-4392-B446-E85AE4FBA403}.Debug|Any CPU.Build.0 = Debug|Any CPU
		{DF04FC39-1096-4392-B446-E85AE4FBA403}.Release|Any CPU.ActiveCfg = Release|Any CPU
		{DF04FC39-1096-4392-B446-E85AE4FBA403}.Release|Any CPU.Build.0 = Release|Any CPU
		{10E0B0AC-EF25-4B58-871C-EDA2587A34B1}.Debug|Any CPU.ActiveCfg = Debug|Any CPU
		{10E0B0AC-EF25-4B58-871C-EDA2587A34B1}.Debug|Any CPU.Build.0 = Debug|Any CPU
		{10E0B0AC-EF25-4B58-871C-EDA2587A34B1}.Release|Any CPU.ActiveCfg = Release|Any CPU
		{10E0B0AC-EF25-4B58-871C-EDA2587A34B1}.Release|Any CPU.Build.0 = Release|Any CPU
		{AA125984-5D31-45F4-AF63-C622CE238276}.Debug|Any CPU.ActiveCfg = Debug|Any CPU
		{AA125984-5D31-45F4-AF63-C622CE238276}.Debug|Any CPU.Build.0 = Debug|Any CPU
		{AA125984-5D31-45F4-AF63-C622CE238276}.Release|Any CPU.ActiveCfg = Release|Any CPU
		{AA125984-5D31-45F4-AF63-C622CE238276}.Release|Any CPU.Build.0 = Release|Any CPU
		{32D9EEE7-9126-4383-A705-5D8EED0FB606}.Debug|Any CPU.ActiveCfg = Debug|Any CPU
		{32D9EEE7-9126-4383-A705-5D8EED0FB606}.Debug|Any CPU.Build.0 = Debug|Any CPU
		{32D9EEE7-9126-4383-A705-5D8EED0FB606}.Release|Any CPU.ActiveCfg = Release|Any CPU
		{32D9EEE7-9126-4383-A705-5D8EED0FB606}.Release|Any CPU.Build.0 = Release|Any CPU
		{C95B9BC6-E7C3-4BB5-91F2-A18372E09877}.Debug|Any CPU.ActiveCfg = Debug|Any CPU
		{C95B9BC6-E7C3-4BB5-91F2-A18372E09877}.Debug|Any CPU.Build.0 = Debug|Any CPU
		{C95B9BC6-E7C3-4BB5-91F2-A18372E09877}.Release|Any CPU.ActiveCfg = Release|Any CPU
		{C95B9BC6-E7C3-4BB5-91F2-A18372E09877}.Release|Any CPU.Build.0 = Release|Any CPU
	EndGlobalSection
	GlobalSection(SolutionProperties) = preSolution
		HideSolutionNode = FALSE
	EndGlobalSection
	GlobalSection(ExtensibilityGlobals) = postSolution
		SolutionGuid = {84C3D11C-29B8-4411-8A23-1D1452D025D2}
	EndGlobalSection
EndGlobal
